PODS:
  - Alamofire (4.8.1)
  - AlamofireImage (3.5.0):
    - Alamofire (~> 4.8)
  - CocoaLumberjack (3.5.1):
    - CocoaLumberjack/Core (= 3.5.1)
  - CocoaLumberjack/Core (3.5.1)
  - SVGKit (2.1.0):
    - CocoaLumberjack (~> 3.0)
  - SwiftyJSON (4.2.0)

DEPENDENCIES:
  - Alamofire
  - AlamofireImage
  - SVGKit
  - SwiftyJSON

SPEC REPOS:
  https://github.com/cocoapods/specs.git:
    - Alamofire
    - AlamofireImage
    - CocoaLumberjack
    - SVGKit
    - SwiftyJSON

SPEC CHECKSUMS:
  Alamofire: 16ce2c353fb72865124ddae8a57c5942388f4f11
  AlamofireImage: 1aea346f4dda2f6c67622fa5a89fcbb80d79cc16
  CocoaLumberjack: 2101f8a5508197a305e737d16c5c2e9e2157628c
  SVGKit: 8a2fc74258bdb2abb54d3b65f3dd68b0277a9c4d
  SwiftyJSON: c4bcba26dd9ec7a027fc8eade48e2c911f229e96

PODFILE CHECKSUM: 0e9e935ce07265ca792391bcc9d282b32fded57b

COCOAPODS: 1.5.3
